// !$*UTF8*$!
{
	archiveVersion = 1;
	classes = {
	};
	objectVersion = 56;
	objects = {

/* Begin PBXBuildFile section */
		0B63544A2A858AA100CF8DF6 /* IndiaDataModel.swift in Sources */ = {isa = PBXBuildFile; fileRef = 0B6354492A858AA100CF8DF6 /* IndiaDataModel.swift */; };
		0B63544C2A8692E600CF8DF6 /* MainView.swift in Sources */ = {isa = PBXBuildFile; fileRef = 0B63544B2A8692E600CF8DF6 /* MainView.swift */; };
		0B63544E2A8692EF00CF8DF6 /* MainViewModel.swift in Sources */ = {isa = PBXBuildFile; fileRef = 0B63544D2A8692EF00CF8DF6 /* MainViewModel.swift */; };
		0B78C4F22A87F169000A036D /* ImageLoader.swift in Sources */ = {isa = PBXBuildFile; fileRef = 0B78C4F12A87F169000A036D /* ImageLoader.swift */; };
		0B78C4F42A880382000A036D /* Onboarding.swift in Sources */ = {isa = PBXBuildFile; fileRef = 0B78C4F32A880382000A036D /* Onboarding.swift */; };
		0B78C4F62A8805E5000A036D /* OpacityView.swift in Sources */ = {isa = PBXBuildFile; fileRef = 0B78C4F52A8805E5000A036D /* OpacityView.swift */; };
		0B78C4F82A880AC6000A036D /* LaunchLogo.swift in Sources */ = {isa = PBXBuildFile; fileRef = 0B78C4F72A880AC6000A036D /* LaunchLogo.swift */; };
		0B8021D22A7ABAC2006F0CEF /* BharatViharApp.swift in Sources */ = {isa = PBXBuildFile; fileRef = 0B8021D12A7ABAC2006F0CEF /* BharatViharApp.swift */; };
		0B8021D42A7ABAC2006F0CEF /* ContentView.swift in Sources */ = {isa = PBXBuildFile; fileRef = 0B8021D32A7ABAC2006F0CEF /* ContentView.swift */; };
		0B8021D62A7ABAC8006F0CEF /* Assets.xcassets in Resources */ = {isa = PBXBuildFile; fileRef = 0B8021D52A7ABAC8006F0CEF /* Assets.xcassets */; };
		0B8021D92A7ABAC8006F0CEF /* Preview Assets.xcassets in Resources */ = {isa = PBXBuildFile; fileRef = 0B8021D82A7ABAC8006F0CEF /* Preview Assets.xcassets */; };
		0B8021E22A7ABB9F006F0CEF /* HomeView.swift in Sources */ = {isa = PBXBuildFile; fileRef = 0B8021E12A7ABB9F006F0CEF /* HomeView.swift */; };
		0B8021E52A7AC0C7006F0CEF /* HomeBackground.swift in Sources */ = {isa = PBXBuildFile; fileRef = 0B8021E42A7AC0C7006F0CEF /* HomeBackground.swift */; };
		0B8021E72A7AC45A006F0CEF /* SceneDelegate.swift in Sources */ = {isa = PBXBuildFile; fileRef = 0B8021E62A7AC45A006F0CEF /* SceneDelegate.swift */; };
		0B8021E92A7AC48B006F0CEF /* FeaturesView.swift in Sources */ = {isa = PBXBuildFile; fileRef = 0B8021E82A7AC48B006F0CEF /* FeaturesView.swift */; };
		0B8021ED2A7AC857006F0CEF /* Attractions.swift in Sources */ = {isa = PBXBuildFile; fileRef = 0B8021EC2A7AC857006F0CEF /* Attractions.swift */; };
		0B8021EF2A7AC862006F0CEF /* FeatureContainer.swift in Sources */ = {isa = PBXBuildFile; fileRef = 0B8021EE2A7AC862006F0CEF /* FeatureContainer.swift */; };
		0B8021F12A7AF2DA006F0CEF /* FeatureParagraph.swift in Sources */ = {isa = PBXBuildFile; fileRef = 0B8021F02A7AF2DA006F0CEF /* FeatureParagraph.swift */; };
		0B8021F32A7B0A1F006F0CEF /* HighlightedTextView.swift in Sources */ = {isa = PBXBuildFile; fileRef = 0B8021F22A7B0A1F006F0CEF /* HighlightedTextView.swift */; };
		0B91F9BF2A7E3650004CA0E9 /* iPhoneLikeBorder.swift in Sources */ = {isa = PBXBuildFile; fileRef = 0B91F9BE2A7E3650004CA0E9 /* iPhoneLikeBorder.swift */; };
		0B91F9E12A7EE0C5004CA0E9 /* Culture.swift in Sources */ = {isa = PBXBuildFile; fileRef = 0B91F9E02A7EE0C5004CA0E9 /* Culture.swift */; };
		0B91F9E32A7EE10E004CA0E9 /* Awards.swift in Sources */ = {isa = PBXBuildFile; fileRef = 0B91F9E22A7EE10E004CA0E9 /* Awards.swift */; };
		0B91F9E52A7EE137004CA0E9 /* HistoryTimeline.swift in Sources */ = {isa = PBXBuildFile; fileRef = 0B91F9E42A7EE137004CA0E9 /* HistoryTimeline.swift */; };
		0B91F9E72A7EE157004CA0E9 /* Festivals.swift in Sources */ = {isa = PBXBuildFile; fileRef = 0B91F9E62A7EE157004CA0E9 /* Festivals.swift */; };
		0B91F9EC2A7EE292004CA0E9 /* PrimeMinisters.swift in Sources */ = {isa = PBXBuildFile; fileRef = 0B91F9EB2A7EE292004CA0E9 /* PrimeMinisters.swift */; };
		0B91F9EE2A7EE2DE004CA0E9 /* Services.swift in Sources */ = {isa = PBXBuildFile; fileRef = 0B91F9ED2A7EE2DE004CA0E9 /* Services.swift */; };
		0B91F9F12A815CE6004CA0E9 /* Number.swift in Sources */ = {isa = PBXBuildFile; fileRef = 0B91F9F02A815CE6004CA0E9 /* Number.swift */; };
		0B91F9F32A815D5D004CA0E9 /* Map.swift in Sources */ = {isa = PBXBuildFile; fileRef = 0B91F9F22A815D5D004CA0E9 /* Map.swift */; };
		0B91F9F52A815D8B004CA0E9 /* Feature.swift in Sources */ = {isa = PBXBuildFile; fileRef = 0B91F9F42A815D8B004CA0E9 /* Feature.swift */; };
		0B91F9F72A815DBA004CA0E9 /* Common.swift in Sources */ = {isa = PBXBuildFile; fileRef = 0B91F9F62A815DBA004CA0E9 /* Common.swift */; };
		0B91F9F92A818894004CA0E9 /* Quiz.swift in Sources */ = {isa = PBXBuildFile; fileRef = 0B91F9F82A818894004CA0E9 /* Quiz.swift */; };
		0B91F9FB2A82A60B004CA0E9 /* Leader.swift in Sources */ = {isa = PBXBuildFile; fileRef = 0B91F9FA2A82A60B004CA0E9 /* Leader.swift */; };
		0B91FA052A82A69D004CA0E9 /* GoogleService-Info.plist in Resources */ = {isa = PBXBuildFile; fileRef = 0B91FA032A82A69D004CA0E9 /* GoogleService-Info.plist */; };
		0B91FA092A82A70A004CA0E9 /* DataService.swift in Sources */ = {isa = PBXBuildFile; fileRef = 0B91FA082A82A709004CA0E9 /* DataService.swift */; };
		0B91FA0C2A82A714004CA0E9 /* FirebaseAPIManager.swift in Sources */ = {isa = PBXBuildFile; fileRef = 0B91FA0A2A82A712004CA0E9 /* FirebaseAPIManager.swift */; };
		0B91FA0D2A82A714004CA0E9 /* DataParser.swift in Sources */ = {isa = PBXBuildFile; fileRef = 0B91FA0B2A82A713004CA0E9 /* DataParser.swift */; };
		0B91FA112A82A75A004CA0E9 /* Extensions.swift in Sources */ = {isa = PBXBuildFile; fileRef = 0B91FA0F2A82A759004CA0E9 /* Extensions.swift */; };
		0B91FA122A82A75A004CA0E9 /* Constants.swift in Sources */ = {isa = PBXBuildFile; fileRef = 0B91FA102A82A759004CA0E9 /* Constants.swift */; };
		0B91FA172A82A7BB004CA0E9 /* VSLeaderDetail.swift in Sources */ = {isa = PBXBuildFile; fileRef = 0B91FA152A82A7BA004CA0E9 /* VSLeaderDetail.swift */; };
		0B91FA182A82A7BB004CA0E9 /* LeaderDetail.swift in Sources */ = {isa = PBXBuildFile; fileRef = 0B91FA162A82A7BB004CA0E9 /* LeaderDetail.swift */; };
		0B91FA1C2A82A7D8004CA0E9 /* LeaderRow.swift in Sources */ = {isa = PBXBuildFile; fileRef = 0B91FA1A2A82A7D8004CA0E9 /* LeaderRow.swift */; };
		0B91FA1D2A82A7D8004CA0E9 /* LeaderListView.swift in Sources */ = {isa = PBXBuildFile; fileRef = 0B91FA1B2A82A7D8004CA0E9 /* LeaderListView.swift */; };
		0B91FA3E2A82AF82004CA0E9 /* LeadersViewModel.swift in Sources */ = {isa = PBXBuildFile; fileRef = 0B91FA3D2A82AF82004CA0E9 /* LeadersViewModel.swift */; };
		0B91FA412A82B07B004CA0E9 /* LinearGradient.swift in Sources */ = {isa = PBXBuildFile; fileRef = 0B91FA3F2A82B07B004CA0E9 /* LinearGradient.swift */; };
		0B91FA422A82B07B004CA0E9 /* LeaderImageView.swift in Sources */ = {isa = PBXBuildFile; fileRef = 0B91FA402A82B07B004CA0E9 /* LeaderImageView.swift */; };
		0B91FA462A82B417004CA0E9 /* SplashView.swift in Sources */ = {isa = PBXBuildFile; fileRef = 0B91FA442A82B417004CA0E9 /* SplashView.swift */; };
		0B91FA472A82B417004CA0E9 /* ChakraImage.swift in Sources */ = {isa = PBXBuildFile; fileRef = 0B91FA452A82B417004CA0E9 /* ChakraImage.swift */; };
		0B91FA4A2A82B815004CA0E9 /* FirebaseRemoteConfig in Frameworks */ = {isa = PBXBuildFile; productRef = 0B91FA492A82B815004CA0E9 /* FirebaseRemoteConfig */; };
		0B91FA4C2A82B815004CA0E9 /* FirebaseRemoteConfigSwift in Frameworks */ = {isa = PBXBuildFile; productRef = 0B91FA4B2A82B815004CA0E9 /* FirebaseRemoteConfigSwift */; };
		0B91FA4E2A82B815004CA0E9 /* FirebaseStorage in Frameworks */ = {isa = PBXBuildFile; productRef = 0B91FA4D2A82B815004CA0E9 /* FirebaseStorage */; };
		0B91FA502A82C793004CA0E9 /* Language.swift in Sources */ = {isa = PBXBuildFile; fileRef = 0B91FA4F2A82C793004CA0E9 /* Language.swift */; };
		0B91FA522A82C7A4004CA0E9 /* AskGPT.swift in Sources */ = {isa = PBXBuildFile; fileRef = 0B91FA512A82C7A4004CA0E9 /* AskGPT.swift */; };
		0B91FA6F2A83EB1A004CA0E9 /* Alamofire in Frameworks */ = {isa = PBXBuildFile; productRef = 0B91FA6E2A83EB1A004CA0E9 /* Alamofire */; };
		0BA939102A7C313900B3F648 /* IndiaMap.swift in Sources */ = {isa = PBXBuildFile; fileRef = 0BA9390F2A7C313900B3F648 /* IndiaMap.swift */; };
		0BA939132A7C31C900B3F648 /* Maps.swift in Sources */ = {isa = PBXBuildFile; fileRef = 0BA939122A7C31C900B3F648 /* Maps.swift */; };
/* End PBXBuildFile section */

/* Begin PBXFileReference section */
		0B6354492A858AA100CF8DF6 /* IndiaDataModel.swift */ = {isa = PBXFileReference; lastKnownFileType = sourcecode.swift; path = IndiaDataModel.swift; sourceTree = "<group>"; };
		0B63544B2A8692E600CF8DF6 /* MainView.swift */ = {isa = PBXFileReference; lastKnownFileType = sourcecode.swift; path = MainView.swift; sourceTree = "<group>"; };
		0B63544D2A8692EF00CF8DF6 /* MainViewModel.swift */ = {isa = PBXFileReference; lastKnownFileType = sourcecode.swift; path = MainViewModel.swift; sourceTree = "<group>"; };
		0B78C4F12A87F169000A036D /* ImageLoader.swift */ = {isa = PBXFileReference; lastKnownFileType = sourcecode.swift; path = ImageLoader.swift; sourceTree = "<group>"; };
		0B78C4F32A880382000A036D /* Onboarding.swift */ = {isa = PBXFileReference; lastKnownFileType = sourcecode.swift; path = Onboarding.swift; sourceTree = "<group>"; };
		0B78C4F52A8805E5000A036D /* OpacityView.swift */ = {isa = PBXFileReference; lastKnownFileType = sourcecode.swift; path = OpacityView.swift; sourceTree = "<group>"; };
		0B78C4F72A880AC6000A036D /* LaunchLogo.swift */ = {isa = PBXFileReference; lastKnownFileType = sourcecode.swift; path = LaunchLogo.swift; sourceTree = "<group>"; };
		0B8021CE2A7ABAC2006F0CEF /* BharatVihar.app */ = {isa = PBXFileReference; explicitFileType = wrapper.application; includeInIndex = 0; path = BharatVihar.app; sourceTree = BUILT_PRODUCTS_DIR; };
		0B8021D12A7ABAC2006F0CEF /* BharatViharApp.swift */ = {isa = PBXFileReference; lastKnownFileType = sourcecode.swift; path = BharatViharApp.swift; sourceTree = "<group>"; };
		0B8021D32A7ABAC2006F0CEF /* ContentView.swift */ = {isa = PBXFileReference; lastKnownFileType = sourcecode.swift; path = ContentView.swift; sourceTree = "<group>"; };
		0B8021D52A7ABAC8006F0CEF /* Assets.xcassets */ = {isa = PBXFileReference; lastKnownFileType = folder.assetcatalog; path = Assets.xcassets; sourceTree = "<group>"; };
		0B8021D82A7ABAC8006F0CEF /* Preview Assets.xcassets */ = {isa = PBXFileReference; lastKnownFileType = folder.assetcatalog; path = "Preview Assets.xcassets"; sourceTree = "<group>"; };
		0B8021E12A7ABB9F006F0CEF /* HomeView.swift */ = {isa = PBXFileReference; lastKnownFileType = sourcecode.swift; path = HomeView.swift; sourceTree = "<group>"; };
		0B8021E42A7AC0C7006F0CEF /* HomeBackground.swift */ = {isa = PBXFileReference; lastKnownFileType = sourcecode.swift; path = HomeBackground.swift; sourceTree = "<group>"; };
		0B8021E62A7AC45A006F0CEF /* SceneDelegate.swift */ = {isa = PBXFileReference; lastKnownFileType = sourcecode.swift; path = SceneDelegate.swift; sourceTree = "<group>"; };
		0B8021E82A7AC48B006F0CEF /* FeaturesView.swift */ = {isa = PBXFileReference; lastKnownFileType = sourcecode.swift; path = FeaturesView.swift; sourceTree = "<group>"; };
		0B8021EC2A7AC857006F0CEF /* Attractions.swift */ = {isa = PBXFileReference; lastKnownFileType = sourcecode.swift; path = Attractions.swift; sourceTree = "<group>"; };
		0B8021EE2A7AC862006F0CEF /* FeatureContainer.swift */ = {isa = PBXFileReference; lastKnownFileType = sourcecode.swift; path = FeatureContainer.swift; sourceTree = "<group>"; };
		0B8021F02A7AF2DA006F0CEF /* FeatureParagraph.swift */ = {isa = PBXFileReference; lastKnownFileType = sourcecode.swift; path = FeatureParagraph.swift; sourceTree = "<group>"; };
		0B8021F22A7B0A1F006F0CEF /* HighlightedTextView.swift */ = {isa = PBXFileReference; lastKnownFileType = sourcecode.swift; path = HighlightedTextView.swift; sourceTree = "<group>"; };
		0B91F9BE2A7E3650004CA0E9 /* iPhoneLikeBorder.swift */ = {isa = PBXFileReference; lastKnownFileType = sourcecode.swift; path = iPhoneLikeBorder.swift; sourceTree = "<group>"; };
		0B91F9E02A7EE0C5004CA0E9 /* Culture.swift */ = {isa = PBXFileReference; lastKnownFileType = sourcecode.swift; path = Culture.swift; sourceTree = "<group>"; };
		0B91F9E22A7EE10E004CA0E9 /* Awards.swift */ = {isa = PBXFileReference; lastKnownFileType = sourcecode.swift; path = Awards.swift; sourceTree = "<group>"; };
		0B91F9E42A7EE137004CA0E9 /* HistoryTimeline.swift */ = {isa = PBXFileReference; lastKnownFileType = sourcecode.swift; path = HistoryTimeline.swift; sourceTree = "<group>"; };
		0B91F9E62A7EE157004CA0E9 /* Festivals.swift */ = {isa = PBXFileReference; lastKnownFileType = sourcecode.swift; path = Festivals.swift; sourceTree = "<group>"; };
		0B91F9EB2A7EE292004CA0E9 /* PrimeMinisters.swift */ = {isa = PBXFileReference; lastKnownFileType = sourcecode.swift; path = PrimeMinisters.swift; sourceTree = "<group>"; };
		0B91F9ED2A7EE2DE004CA0E9 /* Services.swift */ = {isa = PBXFileReference; lastKnownFileType = sourcecode.swift; path = Services.swift; sourceTree = "<group>"; };
		0B91F9F02A815CE6004CA0E9 /* Number.swift */ = {isa = PBXFileReference; lastKnownFileType = sourcecode.swift; path = Number.swift; sourceTree = "<group>"; };
		0B91F9F22A815D5D004CA0E9 /* Map.swift */ = {isa = PBXFileReference; lastKnownFileType = sourcecode.swift; path = Map.swift; sourceTree = "<group>"; };
		0B91F9F42A815D8B004CA0E9 /* Feature.swift */ = {isa = PBXFileReference; lastKnownFileType = sourcecode.swift; path = Feature.swift; sourceTree = "<group>"; };
		0B91F9F62A815DBA004CA0E9 /* Common.swift */ = {isa = PBXFileReference; lastKnownFileType = sourcecode.swift; path = Common.swift; sourceTree = "<group>"; };
		0B91F9F82A818894004CA0E9 /* Quiz.swift */ = {isa = PBXFileReference; lastKnownFileType = sourcecode.swift; path = Quiz.swift; sourceTree = "<group>"; };
		0B91F9FA2A82A60B004CA0E9 /* Leader.swift */ = {isa = PBXFileReference; lastKnownFileType = sourcecode.swift; path = Leader.swift; sourceTree = "<group>"; };
		0B91FA032A82A69D004CA0E9 /* GoogleService-Info.plist */ = {isa = PBXFileReference; fileEncoding = 4; lastKnownFileType = text.plist.xml; path = "GoogleService-Info.plist"; sourceTree = "<group>"; };
		0B91FA082A82A709004CA0E9 /* DataService.swift */ = {isa = PBXFileReference; fileEncoding = 4; lastKnownFileType = sourcecode.swift; path = DataService.swift; sourceTree = "<group>"; };
		0B91FA0A2A82A712004CA0E9 /* FirebaseAPIManager.swift */ = {isa = PBXFileReference; fileEncoding = 4; lastKnownFileType = sourcecode.swift; path = FirebaseAPIManager.swift; sourceTree = "<group>"; };
		0B91FA0B2A82A713004CA0E9 /* DataParser.swift */ = {isa = PBXFileReference; fileEncoding = 4; lastKnownFileType = sourcecode.swift; path = DataParser.swift; sourceTree = "<group>"; };
		0B91FA0F2A82A759004CA0E9 /* Extensions.swift */ = {isa = PBXFileReference; fileEncoding = 4; lastKnownFileType = sourcecode.swift; path = Extensions.swift; sourceTree = "<group>"; };
		0B91FA102A82A759004CA0E9 /* Constants.swift */ = {isa = PBXFileReference; fileEncoding = 4; lastKnownFileType = sourcecode.swift; path = Constants.swift; sourceTree = "<group>"; };
		0B91FA152A82A7BA004CA0E9 /* VSLeaderDetail.swift */ = {isa = PBXFileReference; fileEncoding = 4; lastKnownFileType = sourcecode.swift; path = VSLeaderDetail.swift; sourceTree = "<group>"; };
		0B91FA162A82A7BB004CA0E9 /* LeaderDetail.swift */ = {isa = PBXFileReference; fileEncoding = 4; lastKnownFileType = sourcecode.swift; path = LeaderDetail.swift; sourceTree = "<group>"; };
		0B91FA1A2A82A7D8004CA0E9 /* LeaderRow.swift */ = {isa = PBXFileReference; fileEncoding = 4; lastKnownFileType = sourcecode.swift; path = LeaderRow.swift; sourceTree = "<group>"; };
		0B91FA1B2A82A7D8004CA0E9 /* LeaderListView.swift */ = {isa = PBXFileReference; fileEncoding = 4; lastKnownFileType = sourcecode.swift; path = LeaderListView.swift; sourceTree = "<group>"; };
		0B91FA3D2A82AF82004CA0E9 /* LeadersViewModel.swift */ = {isa = PBXFileReference; fileEncoding = 4; lastKnownFileType = sourcecode.swift; path = LeadersViewModel.swift; sourceTree = "<group>"; };
		0B91FA3F2A82B07B004CA0E9 /* LinearGradient.swift */ = {isa = PBXFileReference; fileEncoding = 4; lastKnownFileType = sourcecode.swift; path = LinearGradient.swift; sourceTree = "<group>"; };
		0B91FA402A82B07B004CA0E9 /* LeaderImageView.swift */ = {isa = PBXFileReference; fileEncoding = 4; lastKnownFileType = sourcecode.swift; path = LeaderImageView.swift; sourceTree = "<group>"; };
		0B91FA442A82B417004CA0E9 /* SplashView.swift */ = {isa = PBXFileReference; fileEncoding = 4; lastKnownFileType = sourcecode.swift; path = SplashView.swift; sourceTree = "<group>"; };
		0B91FA452A82B417004CA0E9 /* ChakraImage.swift */ = {isa = PBXFileReference; fileEncoding = 4; lastKnownFileType = sourcecode.swift; path = ChakraImage.swift; sourceTree = "<group>"; };
		0B91FA4F2A82C793004CA0E9 /* Language.swift */ = {isa = PBXFileReference; lastKnownFileType = sourcecode.swift; path = Language.swift; sourceTree = "<group>"; };
		0B91FA512A82C7A4004CA0E9 /* AskGPT.swift */ = {isa = PBXFileReference; lastKnownFileType = sourcecode.swift; path = AskGPT.swift; sourceTree = "<group>"; };
		0BA9390F2A7C313900B3F648 /* IndiaMap.swift */ = {isa = PBXFileReference; lastKnownFileType = sourcecode.swift; path = IndiaMap.swift; sourceTree = "<group>"; };
		0BA939122A7C31C900B3F648 /* Maps.swift */ = {isa = PBXFileReference; lastKnownFileType = sourcecode.swift; path = Maps.swift; sourceTree = "<group>"; };
/* End PBXFileReference section */

/* Begin PBXFrameworksBuildPhase section */
		0B8021CB2A7ABAC2006F0CEF /* Frameworks */ = {
			isa = PBXFrameworksBuildPhase;
			buildActionMask = 2147483647;
			files = (
				0B91FA4A2A82B815004CA0E9 /* FirebaseRemoteConfig in Frameworks */,
				0B91FA6F2A83EB1A004CA0E9 /* Alamofire in Frameworks */,
				0B91FA4C2A82B815004CA0E9 /* FirebaseRemoteConfigSwift in Frameworks */,
				0B91FA4E2A82B815004CA0E9 /* FirebaseStorage in Frameworks */,
			);
			runOnlyForDeploymentPostprocessing = 0;
		};
/* End PBXFrameworksBuildPhase section */

/* Begin PBXGroup section */
		0B8021C52A7ABAC2006F0CEF = {
			isa = PBXGroup;
			children = (
				0B78C4F52A8805E5000A036D /* OpacityView.swift */,
				0B8021E62A7AC45A006F0CEF /* SceneDelegate.swift */,
				0B8021D02A7ABAC2006F0CEF /* BharatVihar */,
				0B8021CF2A7ABAC2006F0CEF /* Products */,
			);
			sourceTree = "<group>";
		};
		0B8021CF2A7ABAC2006F0CEF /* Products */ = {
			isa = PBXGroup;
			children = (
				0B8021CE2A7ABAC2006F0CEF /* BharatVihar.app */,
			);
			name = Products;
			sourceTree = "<group>";
		};
		0B8021D02A7ABAC2006F0CEF /* BharatVihar */ = {
			isa = PBXGroup;
			children = (
				0B91FA1E2A82A7F0004CA0E9 /* Reusable */,
				0B91FA0E2A82A73E004CA0E9 /* Util */,
				0B91FA072A82A6C8004CA0E9 /* DataService */,
				0B91FA062A82A6BB004CA0E9 /* Network */,
				0B91F9FC2A82A64B004CA0E9 /* External */,
				0B91F9EF2A8158BE004CA0E9 /* Models */,
				0B8021EA2A7AC4CA006F0CEF /* Features */,
				0B91F9E82A7EE191004CA0E9 /* Background */,
				0B8021E32A7ABBA8006F0CEF /* Home */,
				0B8021D12A7ABAC2006F0CEF /* BharatViharApp.swift */,
				0B78C4F72A880AC6000A036D /* LaunchLogo.swift */,
				0B8021D32A7ABAC2006F0CEF /* ContentView.swift */,
				0B8021D52A7ABAC8006F0CEF /* Assets.xcassets */,
				0B8021D72A7ABAC8006F0CEF /* Preview Content */,
				0B78C4F32A880382000A036D /* Onboarding.swift */,
			);
			path = BharatVihar;
			sourceTree = "<group>";
		};
		0B8021D72A7ABAC8006F0CEF /* Preview Content */ = {
			isa = PBXGroup;
			children = (
				0B8021D82A7ABAC8006F0CEF /* Preview Assets.xcassets */,
			);
			path = "Preview Content";
			sourceTree = "<group>";
		};
		0B8021E32A7ABBA8006F0CEF /* Home */ = {
			isa = PBXGroup;
			children = (
				0B8021E12A7ABB9F006F0CEF /* HomeView.swift */,
			);
			path = Home;
			sourceTree = "<group>";
		};
		0B8021EA2A7AC4CA006F0CEF /* Features */ = {
			isa = PBXGroup;
			children = (
				0B91FA132A82A77F004CA0E9 /* Leaders */,
				0B91F9EA2A7EE1EB004CA0E9 /* FeatureContainer */,
				0B91F9E92A7EE1BF004CA0E9 /* Glimpse */,
				0BA939112A7C31B900B3F648 /* Maps */,
				0B91F9E02A7EE0C5004CA0E9 /* Culture.swift */,
				0B91F9EB2A7EE292004CA0E9 /* PrimeMinisters.swift */,
				0B8021EC2A7AC857006F0CEF /* Attractions.swift */,
				0B91F9E22A7EE10E004CA0E9 /* Awards.swift */,
				0B91F9E42A7EE137004CA0E9 /* HistoryTimeline.swift */,
				0B91F9E62A7EE157004CA0E9 /* Festivals.swift */,
				0B91F9ED2A7EE2DE004CA0E9 /* Services.swift */,
				0B63544B2A8692E600CF8DF6 /* MainView.swift */,
				0B63544D2A8692EF00CF8DF6 /* MainViewModel.swift */,
			);
			path = Features;
			sourceTree = "<group>";
		};
		0B91F9E82A7EE191004CA0E9 /* Background */ = {
			isa = PBXGroup;
			children = (
				0B8021E42A7AC0C7006F0CEF /* HomeBackground.swift */,
				0B91F9BE2A7E3650004CA0E9 /* iPhoneLikeBorder.swift */,
			);
			path = Background;
			sourceTree = "<group>";
		};
		0B91F9E92A7EE1BF004CA0E9 /* Glimpse */ = {
			isa = PBXGroup;
			children = (
				0B8021F22A7B0A1F006F0CEF /* HighlightedTextView.swift */,
				0B8021E82A7AC48B006F0CEF /* FeaturesView.swift */,
				0B8021F02A7AF2DA006F0CEF /* FeatureParagraph.swift */,
			);
			path = Glimpse;
			sourceTree = "<group>";
		};
		0B91F9EA2A7EE1EB004CA0E9 /* FeatureContainer */ = {
			isa = PBXGroup;
			children = (
				0B8021EE2A7AC862006F0CEF /* FeatureContainer.swift */,
			);
			path = FeatureContainer;
			sourceTree = "<group>";
		};
		0B91F9EF2A8158BE004CA0E9 /* Models */ = {
			isa = PBXGroup;
			children = (
				0B91F9F02A815CE6004CA0E9 /* Number.swift */,
				0B91F9F22A815D5D004CA0E9 /* Map.swift */,
				0B91F9F42A815D8B004CA0E9 /* Feature.swift */,
				0B91F9F62A815DBA004CA0E9 /* Common.swift */,
				0B91F9F82A818894004CA0E9 /* Quiz.swift */,
				0B91F9FA2A82A60B004CA0E9 /* Leader.swift */,
				0B91FA4F2A82C793004CA0E9 /* Language.swift */,
				0B91FA512A82C7A4004CA0E9 /* AskGPT.swift */,
				0B6354492A858AA100CF8DF6 /* IndiaDataModel.swift */,
			);
			path = Models;
			sourceTree = "<group>";
		};
		0B91F9FC2A82A64B004CA0E9 /* External */ = {
			isa = PBXGroup;
			children = (
				0B91F9FD2A82A65B004CA0E9 /* Firebase */,
			);
			path = External;
			sourceTree = "<group>";
		};
		0B91F9FD2A82A65B004CA0E9 /* Firebase */ = {
			isa = PBXGroup;
			children = (
				0B91FA032A82A69D004CA0E9 /* GoogleService-Info.plist */,
			);
			path = Firebase;
			sourceTree = "<group>";
		};
		0B91FA062A82A6BB004CA0E9 /* Network */ = {
			isa = PBXGroup;
			children = (
				0B91FA0B2A82A713004CA0E9 /* DataParser.swift */,
				0B91FA0A2A82A712004CA0E9 /* FirebaseAPIManager.swift */,
			);
			path = Network;
			sourceTree = "<group>";
		};
		0B91FA072A82A6C8004CA0E9 /* DataService */ = {
			isa = PBXGroup;
			children = (
				0B91FA082A82A709004CA0E9 /* DataService.swift */,
			);
			path = DataService;
			sourceTree = "<group>";
		};
		0B91FA0E2A82A73E004CA0E9 /* Util */ = {
			isa = PBXGroup;
			children = (
				0B91FA102A82A759004CA0E9 /* Constants.swift */,
				0B91FA0F2A82A759004CA0E9 /* Extensions.swift */,
				0B78C4F12A87F169000A036D /* ImageLoader.swift */,
			);
			path = Util;
			sourceTree = "<group>";
		};
		0B91FA132A82A77F004CA0E9 /* Leaders */ = {
			isa = PBXGroup;
			children = (
				0B91FA432A82B0C5004CA0E9 /* Splash */,
				0B91FA3C2A82AF6B004CA0E9 /* ViewModel */,
				0B91FA192A82A7C5004CA0E9 /* ListView */,
				0B91FA142A82A795004CA0E9 /* DetailView */,
			);
			path = Leaders;
			sourceTree = "<group>";
		};
		0B91FA142A82A795004CA0E9 /* DetailView */ = {
			isa = PBXGroup;
			children = (
				0B91FA162A82A7BB004CA0E9 /* LeaderDetail.swift */,
				0B91FA152A82A7BA004CA0E9 /* VSLeaderDetail.swift */,
			);
			path = DetailView;
			sourceTree = "<group>";
		};
		0B91FA192A82A7C5004CA0E9 /* ListView */ = {
			isa = PBXGroup;
			children = (
				0B91FA1B2A82A7D8004CA0E9 /* LeaderListView.swift */,
				0B91FA1A2A82A7D8004CA0E9 /* LeaderRow.swift */,
			);
			path = ListView;
			sourceTree = "<group>";
		};
		0B91FA1E2A82A7F0004CA0E9 /* Reusable */ = {
			isa = PBXGroup;
			children = (
				0B91FA402A82B07B004CA0E9 /* LeaderImageView.swift */,
				0B91FA3F2A82B07B004CA0E9 /* LinearGradient.swift */,
			);
			path = Reusable;
			sourceTree = "<group>";
		};
		0B91FA3C2A82AF6B004CA0E9 /* ViewModel */ = {
			isa = PBXGroup;
			children = (
				0B91FA3D2A82AF82004CA0E9 /* LeadersViewModel.swift */,
			);
			path = ViewModel;
			sourceTree = "<group>";
		};
		0B91FA432A82B0C5004CA0E9 /* Splash */ = {
			isa = PBXGroup;
			children = (
				0B91FA452A82B417004CA0E9 /* ChakraImage.swift */,
				0B91FA442A82B417004CA0E9 /* SplashView.swift */,
			);
			path = Splash;
			sourceTree = "<group>";
		};
		0BA939112A7C31B900B3F648 /* Maps */ = {
			isa = PBXGroup;
			children = (
				0BA9390F2A7C313900B3F648 /* IndiaMap.swift */,
				0BA939122A7C31C900B3F648 /* Maps.swift */,
			);
			path = Maps;
			sourceTree = "<group>";
		};
/* End PBXGroup section */

/* Begin PBXNativeTarget section */
		0B8021CD2A7ABAC2006F0CEF /* BharatVihar */ = {
			isa = PBXNativeTarget;
			buildConfigurationList = 0B8021DC2A7ABAC8006F0CEF /* Build configuration list for PBXNativeTarget "BharatVihar" */;
			buildPhases = (
				0B8021CA2A7ABAC2006F0CEF /* Sources */,
				0B8021CB2A7ABAC2006F0CEF /* Frameworks */,
				0B8021CC2A7ABAC2006F0CEF /* Resources */,
			);
			buildRules = (
			);
			dependencies = (
			);
			name = BharatVihar;
			packageProductDependencies = (
				0B91FA492A82B815004CA0E9 /* FirebaseRemoteConfig */,
				0B91FA4B2A82B815004CA0E9 /* FirebaseRemoteConfigSwift */,
				0B91FA4D2A82B815004CA0E9 /* FirebaseStorage */,
				0B91FA6E2A83EB1A004CA0E9 /* Alamofire */,
			);
			productName = BharatVihar;
			productReference = 0B8021CE2A7ABAC2006F0CEF /* BharatVihar.app */;
			productType = "com.apple.product-type.application";
		};
/* End PBXNativeTarget section */

/* Begin PBXProject section */
		0B8021C62A7ABAC2006F0CEF /* Project object */ = {
			isa = PBXProject;
			attributes = {
				BuildIndependentTargetsInParallel = 1;
				LastSwiftUpdateCheck = 1420;
				LastUpgradeCheck = 1420;
				TargetAttributes = {
					0B8021CD2A7ABAC2006F0CEF = {
						CreatedOnToolsVersion = 14.2;
					};
				};
			};
			buildConfigurationList = 0B8021C92A7ABAC2006F0CEF /* Build configuration list for PBXProject "BharatVihar" */;
			compatibilityVersion = "Xcode 14.0";
			developmentRegion = en;
			hasScannedForEncodings = 0;
			knownRegions = (
				en,
				Base,
			);
			mainGroup = 0B8021C52A7ABAC2006F0CEF;
			packageReferences = (
				0B91FA482A82B815004CA0E9 /* XCRemoteSwiftPackageReference "firebase-ios-sdk" */,
				0B91FA6D2A83EB1A004CA0E9 /* XCRemoteSwiftPackageReference "Alamofire" */,
			);
			productRefGroup = 0B8021CF2A7ABAC2006F0CEF /* Products */;
			projectDirPath = "";
			projectRoot = "";
			targets = (
				0B8021CD2A7ABAC2006F0CEF /* BharatVihar */,
			);
		};
/* End PBXProject section */

/* Begin PBXResourcesBuildPhase section */
		0B8021CC2A7ABAC2006F0CEF /* Resources */ = {
			isa = PBXResourcesBuildPhase;
			buildActionMask = 2147483647;
			files = (
				0B8021D92A7ABAC8006F0CEF /* Preview Assets.xcassets in Resources */,
				0B8021D62A7ABAC8006F0CEF /* Assets.xcassets in Resources */,
				0B91FA052A82A69D004CA0E9 /* GoogleService-Info.plist in Resources */,
			);
			runOnlyForDeploymentPostprocessing = 0;
		};
/* End PBXResourcesBuildPhase section */

/* Begin PBXSourcesBuildPhase section */
		0B8021CA2A7ABAC2006F0CEF /* Sources */ = {
			isa = PBXSourcesBuildPhase;
			buildActionMask = 2147483647;
			files = (
				0B91F9F72A815DBA004CA0E9 /* Common.swift in Sources */,
				0B91FA522A82C7A4004CA0E9 /* AskGPT.swift in Sources */,
				0B8021E72A7AC45A006F0CEF /* SceneDelegate.swift in Sources */,
				0B8021F12A7AF2DA006F0CEF /* FeatureParagraph.swift in Sources */,
				0B91FA1C2A82A7D8004CA0E9 /* LeaderRow.swift in Sources */,
				0B91FA412A82B07B004CA0E9 /* LinearGradient.swift in Sources */,
				0B78C4F62A8805E5000A036D /* OpacityView.swift in Sources */,
				0B91FA0D2A82A714004CA0E9 /* DataParser.swift in Sources */,
				0B78C4F82A880AC6000A036D /* LaunchLogo.swift in Sources */,
				0B91F9F32A815D5D004CA0E9 /* Map.swift in Sources */,
				0B91FA422A82B07B004CA0E9 /* LeaderImageView.swift in Sources */,
				0B91FA462A82B417004CA0E9 /* SplashView.swift in Sources */,
				0BA939132A7C31C900B3F648 /* Maps.swift in Sources */,
				0B8021E52A7AC0C7006F0CEF /* HomeBackground.swift in Sources */,
				0B91F9EE2A7EE2DE004CA0E9 /* Services.swift in Sources */,
				0B8021F32A7B0A1F006F0CEF /* HighlightedTextView.swift in Sources */,
				0B91FA122A82A75A004CA0E9 /* Constants.swift in Sources */,
				0B8021E22A7ABB9F006F0CEF /* HomeView.swift in Sources */,
				0B91FA182A82A7BB004CA0E9 /* LeaderDetail.swift in Sources */,
				0B91FA092A82A70A004CA0E9 /* DataService.swift in Sources */,
				0B91FA472A82B417004CA0E9 /* ChakraImage.swift in Sources */,
				0B8021ED2A7AC857006F0CEF /* Attractions.swift in Sources */,
				0B63544A2A858AA100CF8DF6 /* IndiaDataModel.swift in Sources */,
				0B8021D42A7ABAC2006F0CEF /* ContentView.swift in Sources */,
				0B91F9F52A815D8B004CA0E9 /* Feature.swift in Sources */,
				0B91F9EC2A7EE292004CA0E9 /* PrimeMinisters.swift in Sources */,
				0B91F9E32A7EE10E004CA0E9 /* Awards.swift in Sources */,
				0B91F9F92A818894004CA0E9 /* Quiz.swift in Sources */,
				0B91FA502A82C793004CA0E9 /* Language.swift in Sources */,
				0B91FA0C2A82A714004CA0E9 /* FirebaseAPIManager.swift in Sources */,
				0B63544C2A8692E600CF8DF6 /* MainView.swift in Sources */,
				0B8021D22A7ABAC2006F0CEF /* BharatViharApp.swift in Sources */,
				0B91F9F12A815CE6004CA0E9 /* Number.swift in Sources */,
				0B91F9E52A7EE137004CA0E9 /* HistoryTimeline.swift in Sources */,
				0B78C4F22A87F169000A036D /* ImageLoader.swift in Sources */,
				0B8021E92A7AC48B006F0CEF /* FeaturesView.swift in Sources */,
				0B91FA1D2A82A7D8004CA0E9 /* LeaderListView.swift in Sources */,
				0B63544E2A8692EF00CF8DF6 /* MainViewModel.swift in Sources */,
				0B91FA172A82A7BB004CA0E9 /* VSLeaderDetail.swift in Sources */,
				0B91F9E72A7EE157004CA0E9 /* Festivals.swift in Sources */,
				0B91F9FB2A82A60B004CA0E9 /* Leader.swift in Sources */,
				0B91FA112A82A75A004CA0E9 /* Extensions.swift in Sources */,
				0BA939102A7C313900B3F648 /* IndiaMap.swift in Sources */,
				0B91F9E12A7EE0C5004CA0E9 /* Culture.swift in Sources */,
				0B78C4F42A880382000A036D /* Onboarding.swift in Sources */,
				0B91FA3E2A82AF82004CA0E9 /* LeadersViewModel.swift in Sources */,
				0B91F9BF2A7E3650004CA0E9 /* iPhoneLikeBorder.swift in Sources */,
				0B8021EF2A7AC862006F0CEF /* FeatureContainer.swift in Sources */,
			);
			runOnlyForDeploymentPostprocessing = 0;
		};
/* End PBXSourcesBuildPhase section */

/* Begin XCBuildConfiguration section */
		0B8021DA2A7ABAC8006F0CEF /* Debug */ = {
			isa = XCBuildConfiguration;
			buildSettings = {
				ALWAYS_SEARCH_USER_PATHS = NO;
				CLANG_ANALYZER_NONNULL = YES;
				CLANG_ANALYZER_NUMBER_OBJECT_CONVERSION = YES_AGGRESSIVE;
				CLANG_CXX_LANGUAGE_STANDARD = "gnu++20";
				CLANG_ENABLE_MODULES = YES;
				CLANG_ENABLE_OBJC_ARC = YES;
				CLANG_ENABLE_OBJC_WEAK = YES;
				CLANG_WARN_BLOCK_CAPTURE_AUTORELEASING = YES;
				CLANG_WARN_BOOL_CONVERSION = YES;
				CLANG_WARN_COMMA = YES;
				CLANG_WARN_CONSTANT_CONVERSION = YES;
				CLANG_WARN_DEPRECATED_OBJC_IMPLEMENTATIONS = YES;
				CLANG_WARN_DIRECT_OBJC_ISA_USAGE = YES_ERROR;
				CLANG_WARN_DOCUMENTATION_COMMENTS = YES;
				CLANG_WARN_EMPTY_BODY = YES;
				CLANG_WARN_ENUM_CONVERSION = YES;
				CLANG_WARN_INFINITE_RECURSION = YES;
				CLANG_WARN_INT_CONVERSION = YES;
				CLANG_WARN_NON_LITERAL_NULL_CONVERSION = YES;
				CLANG_WARN_OBJC_IMPLICIT_RETAIN_SELF = YES;
				CLANG_WARN_OBJC_LITERAL_CONVERSION = YES;
				CLANG_WARN_OBJC_ROOT_CLASS = YES_ERROR;
				CLANG_WARN_QUOTED_INCLUDE_IN_FRAMEWORK_HEADER = YES;
				CLANG_WARN_RANGE_LOOP_ANALYSIS = YES;
				CLANG_WARN_STRICT_PROTOTYPES = YES;
				CLANG_WARN_SUSPICIOUS_MOVE = YES;
				CLANG_WARN_UNGUARDED_AVAILABILITY = YES_AGGRESSIVE;
				CLANG_WARN_UNREACHABLE_CODE = YES;
				CLANG_WARN__DUPLICATE_METHOD_MATCH = YES;
				COPY_PHASE_STRIP = NO;
				DEBUG_INFORMATION_FORMAT = dwarf;
				ENABLE_STRICT_OBJC_MSGSEND = YES;
				ENABLE_TESTABILITY = YES;
				GCC_C_LANGUAGE_STANDARD = gnu11;
				GCC_DYNAMIC_NO_PIC = NO;
				GCC_NO_COMMON_BLOCKS = YES;
				GCC_OPTIMIZATION_LEVEL = fast;
				GCC_PREPROCESSOR_DEFINITIONS = (
					"DEBUG=1",
					"$(inherited)",
				);
				GCC_WARN_64_TO_32_BIT_CONVERSION = YES;
				GCC_WARN_ABOUT_RETURN_TYPE = YES_ERROR;
				GCC_WARN_UNDECLARED_SELECTOR = YES;
				GCC_WARN_UNINITIALIZED_AUTOS = YES_AGGRESSIVE;
				GCC_WARN_UNUSED_FUNCTION = YES;
				GCC_WARN_UNUSED_VARIABLE = YES;
				IPHONEOS_DEPLOYMENT_TARGET = 16.2;
				MTL_ENABLE_DEBUG_INFO = INCLUDE_SOURCE;
				MTL_FAST_MATH = YES;
				ONLY_ACTIVE_ARCH = YES;
				SDKROOT = iphoneos;
				SWIFT_ACTIVE_COMPILATION_CONDITIONS = DEBUG;
				SWIFT_OPTIMIZATION_LEVEL = "-Onone";
			};
			name = Debug;
		};
		0B8021DB2A7ABAC8006F0CEF /* Release */ = {
			isa = XCBuildConfiguration;
			buildSettings = {
				ALWAYS_SEARCH_USER_PATHS = NO;
				CLANG_ANALYZER_NONNULL = YES;
				CLANG_ANALYZER_NUMBER_OBJECT_CONVERSION = YES_AGGRESSIVE;
				CLANG_CXX_LANGUAGE_STANDARD = "gnu++20";
				CLANG_ENABLE_MODULES = YES;
				CLANG_ENABLE_OBJC_ARC = YES;
				CLANG_ENABLE_OBJC_WEAK = YES;
				CLANG_WARN_BLOCK_CAPTURE_AUTORELEASING = YES;
				CLANG_WARN_BOOL_CONVERSION = YES;
				CLANG_WARN_COMMA = YES;
				CLANG_WARN_CONSTANT_CONVERSION = YES;
				CLANG_WARN_DEPRECATED_OBJC_IMPLEMENTATIONS = YES;
				CLANG_WARN_DIRECT_OBJC_ISA_USAGE = YES_ERROR;
				CLANG_WARN_DOCUMENTATION_COMMENTS = YES;
				CLANG_WARN_EMPTY_BODY = YES;
				CLANG_WARN_ENUM_CONVERSION = YES;
				CLANG_WARN_INFINITE_RECURSION = YES;
				CLANG_WARN_INT_CONVERSION = YES;
				CLANG_WARN_NON_LITERAL_NULL_CONVERSION = YES;
				CLANG_WARN_OBJC_IMPLICIT_RETAIN_SELF = YES;
				CLANG_WARN_OBJC_LITERAL_CONVERSION = YES;
				CLANG_WARN_OBJC_ROOT_CLASS = YES_ERROR;
				CLANG_WARN_QUOTED_INCLUDE_IN_FRAMEWORK_HEADER = YES;
				CLANG_WARN_RANGE_LOOP_ANALYSIS = YES;
				CLANG_WARN_STRICT_PROTOTYPES = YES;
				CLANG_WARN_SUSPICIOUS_MOVE = YES;
				CLANG_WARN_UNGUARDED_AVAILABILITY = YES_AGGRESSIVE;
				CLANG_WARN_UNREACHABLE_CODE = YES;
				CLANG_WARN__DUPLICATE_METHOD_MATCH = YES;
				COPY_PHASE_STRIP = NO;
				DEBUG_INFORMATION_FORMAT = "dwarf-with-dsym";
				ENABLE_NS_ASSERTIONS = NO;
				ENABLE_STRICT_OBJC_MSGSEND = YES;
				GCC_C_LANGUAGE_STANDARD = gnu11;
				GCC_NO_COMMON_BLOCKS = YES;
				GCC_OPTIMIZATION_LEVEL = fast;
				GCC_WARN_64_TO_32_BIT_CONVERSION = YES;
				GCC_WARN_ABOUT_RETURN_TYPE = YES_ERROR;
				GCC_WARN_UNDECLARED_SELECTOR = YES;
				GCC_WARN_UNINITIALIZED_AUTOS = YES_AGGRESSIVE;
				GCC_WARN_UNUSED_FUNCTION = YES;
				GCC_WARN_UNUSED_VARIABLE = YES;
				IPHONEOS_DEPLOYMENT_TARGET = 16.2;
				MTL_ENABLE_DEBUG_INFO = NO;
				MTL_FAST_MATH = YES;
				SDKROOT = iphoneos;
				SWIFT_COMPILATION_MODE = wholemodule;
				SWIFT_OPTIMIZATION_LEVEL = "-Onone";
				VALIDATE_PRODUCT = YES;
			};
			name = Release;
		};
		0B8021DD2A7ABAC8006F0CEF /* Debug */ = {
			isa = XCBuildConfiguration;
			buildSettings = {
				ASSETCATALOG_COMPILER_APPICON_NAME = AppIcon;
				ASSETCATALOG_COMPILER_GLOBAL_ACCENT_COLOR_NAME = AccentColor;
				CLANG_USE_OPTIMIZATION_PROFILE = YES;
				CODE_SIGN_STYLE = Automatic;
				CURRENT_PROJECT_VERSION = 1;
				DEVELOPMENT_ASSET_PATHS = "\"BharatVihar/Preview Content\"";
				DEVELOPMENT_TEAM = D2KUN44K2A;
				ENABLE_PREVIEWS = YES;
				GENERATE_INFOPLIST_FILE = YES;
				INFOPLIST_KEY_UIApplicationSceneManifest_Generation = YES;
				INFOPLIST_KEY_UIApplicationSupportsIndirectInputEvents = YES;
				INFOPLIST_KEY_UILaunchScreen_Generation = YES;
				INFOPLIST_KEY_UISupportedInterfaceOrientations_iPad = "UIInterfaceOrientationPortrait UIInterfaceOrientationPortraitUpsideDown UIInterfaceOrientationLandscapeLeft UIInterfaceOrientationLandscapeRight";
				INFOPLIST_KEY_UISupportedInterfaceOrientations_iPhone = "UIInterfaceOrientationPortrait UIInterfaceOrientationLandscapeLeft UIInterfaceOrientationLandscapeRight";
				IPHONEOS_DEPLOYMENT_TARGET = 15.0;
				LD_RUNPATH_SEARCH_PATHS = (
					"$(inherited)",
					"@executable_path/Frameworks",
				);
				MARKETING_VERSION = 1.0;
				PRODUCT_BUNDLE_IDENTIFIER = com.ppam.arepu.IndianLeaders;
				PRODUCT_NAME = "$(TARGET_NAME)";
				SWIFT_EMIT_LOC_STRINGS = YES;
				SWIFT_VERSION = 5.0;
				TARGETED_DEVICE_FAMILY = "1,2";
			};
			name = Debug;
		};
		0B8021DE2A7ABAC8006F0CEF /* Release */ = {
			isa = XCBuildConfiguration;
			buildSettings = {
				ASSETCATALOG_COMPILER_APPICON_NAME = AppIcon;
				ASSETCATALOG_COMPILER_GLOBAL_ACCENT_COLOR_NAME = AccentColor;
				CLANG_USE_OPTIMIZATION_PROFILE = YES;
				CODE_SIGN_STYLE = Automatic;
				CURRENT_PROJECT_VERSION = 1;
				DEVELOPMENT_ASSET_PATHS = "\"BharatVihar/Preview Content\"";
				DEVELOPMENT_TEAM = D2KUN44K2A;
				ENABLE_PREVIEWS = YES;
				GENERATE_INFOPLIST_FILE = YES;
				INFOPLIST_KEY_UIApplicationSceneManifest_Generation = YES;
				INFOPLIST_KEY_UIApplicationSupportsIndirectInputEvents = YES;
				INFOPLIST_KEY_UILaunchScreen_Generation = YES;
				INFOPLIST_KEY_UISupportedInterfaceOrientations_iPad = "UIInterfaceOrientationPortrait UIInterfaceOrientationPortraitUpsideDown UIInterfaceOrientationLandscapeLeft UIInterfaceOrientationLandscapeRight";
				INFOPLIST_KEY_UISupportedInterfaceOrientations_iPhone = "UIInterfaceOrientationPortrait UIInterfaceOrientationLandscapeLeft UIInterfaceOrientationLandscapeRight";
				IPHONEOS_DEPLOYMENT_TARGET = 15.0;
				LD_RUNPATH_SEARCH_PATHS = (
					"$(inherited)",
					"@executable_path/Frameworks",
				);
				MARKETING_VERSION = 1.0;
				PRODUCT_BUNDLE_IDENTIFIER = com.ppam.arepu.IndianLeaders;
				PRODUCT_NAME = "$(TARGET_NAME)";
				SWIFT_EMIT_LOC_STRINGS = YES;
				SWIFT_VERSION = 5.0;
				TARGETED_DEVICE_FAMILY = "1,2";
			};
			name = Release;
		};
/* End XCBuildConfiguration section */

/* Begin XCConfigurationList section */
		0B8021C92A7ABAC2006F0CEF /* Build configuration list for PBXProject "BharatVihar" */ = {
			isa = XCConfigurationList;
			buildConfigurations = (
				0B8021DA2A7ABAC8006F0CEF /* Debug */,
				0B8021DB2A7ABAC8006F0CEF /* Release */,
			);
			defaultConfigurationIsVisible = 0;
			defaultConfigurationName = Release;
		};
		0B8021DC2A7ABAC8006F0CEF /* Build configuration list for PBXNativeTarget "BharatVihar" */ = {
			isa = XCConfigurationList;
			buildConfigurations = (
				0B8021DD2A7ABAC8006F0CEF /* Debug */,
				0B8021DE2A7ABAC8006F0CEF /* Release */,
			);
			defaultConfigurationIsVisible = 0;
			defaultConfigurationName = Release;
		};
/* End XCConfigurationList section */

/* Begin XCRemoteSwiftPackageReference section */
		0B91FA482A82B815004CA0E9 /* XCRemoteSwiftPackageReference "firebase-ios-sdk" */ = {
			isa = XCRemoteSwiftPackageReference;
			repositoryURL = "https://github.com/firebase/firebase-ios-sdk";
			requirement = {
				kind = upToNextMajorVersion;
				minimumVersion = 9.0.0;
			};
		};
		0B91FA6D2A83EB1A004CA0E9 /* XCRemoteSwiftPackageReference "Alamofire" */ = {
			isa = XCRemoteSwiftPackageReference;
			repositoryURL = "https://github.com/Alamofire/Alamofire.git";
			requirement = {
				kind = upToNextMajorVersion;
				minimumVersion = 5.0.0;
			};
		};
/* End XCRemoteSwiftPackageReference section */

/* Begin XCSwiftPackageProductDependency section */
		0B91FA492A82B815004CA0E9 /* FirebaseRemoteConfig */ = {
			isa = XCSwiftPackageProductDependency;
			package = 0B91FA482A82B815004CA0E9 /* XCRemoteSwiftPackageReference "firebase-ios-sdk" */;
			productName = FirebaseRemoteConfig;
		};
		0B91FA4B2A82B815004CA0E9 /* FirebaseRemoteConfigSwift */ = {
			isa = XCSwiftPackageProductDependency;
			package = 0B91FA482A82B815004CA0E9 /* XCRemoteSwiftPackageReference "firebase-ios-sdk" */;
			productName = FirebaseRemoteConfigSwift;
		};
		0B91FA4D2A82B815004CA0E9 /* FirebaseStorage */ = {
			isa = XCSwiftPackageProductDependency;
			package = 0B91FA482A82B815004CA0E9 /* XCRemoteSwiftPackageReference "firebase-ios-sdk" */;
			productName = FirebaseStorage;
		};
		0B91FA6E2A83EB1A004CA0E9 /* Alamofire */ = {
			isa = XCSwiftPackageProductDependency;
			package = 0B91FA6D2A83EB1A004CA0E9 /* XCRemoteSwiftPackageReference "Alamofire" */;
			productName = Alamofire;
		};
/* End XCSwiftPackageProductDependency section */
	};
	rootObject = 0B8021C62A7ABAC2006F0CEF /* Project object */;
}
