// !$*UTF8*$!
{
	archiveVersion = 1;
	classes = {
	};
	objectVersion = 56;
	objects = {

/* Begin PBXBuildFile section */
		0B8021D22A7ABAC2006F0CEF /* BharatViharApp.swift in Sources */ = {isa = PBXBuildFile; fileRef = 0B8021D12A7ABAC2006F0CEF /* BharatViharApp.swift */; };
		0B8021D42A7ABAC2006F0CEF /* ContentView.swift in Sources */ = {isa = PBXBuildFile; fileRef = 0B8021D32A7ABAC2006F0CEF /* ContentView.swift */; };
		0B8021D62A7ABAC8006F0CEF /* Assets.xcassets in Resources */ = {isa = PBXBuildFile; fileRef = 0B8021D52A7ABAC8006F0CEF /* Assets.xcassets */; };
		0B8021D92A7ABAC8006F0CEF /* Preview Assets.xcassets in Resources */ = {isa = PBXBuildFile; fileRef = 0B8021D82A7ABAC8006F0CEF /* Preview Assets.xcassets */; };
		0B8021E02A7ABB61006F0CEF /* landing-bg.png in Resources */ = {isa = PBXBuildFile; fileRef = 0B8021DF2A7ABB61006F0CEF /* landing-bg.png */; };
		0B8021E22A7ABB9F006F0CEF /* HomeView.swift in Sources */ = {isa = PBXBuildFile; fileRef = 0B8021E12A7ABB9F006F0CEF /* HomeView.swift */; };
/* End PBXBuildFile section */

/* Begin PBXFileReference section */
		0B8021CE2A7ABAC2006F0CEF /* BharatVihar.app */ = {isa = PBXFileReference; explicitFileType = wrapper.application; includeInIndex = 0; path = BharatVihar.app; sourceTree = BUILT_PRODUCTS_DIR; };
		0B8021D12A7ABAC2006F0CEF /* BharatViharApp.swift */ = {isa = PBXFileReference; lastKnownFileType = sourcecode.swift; path = BharatViharApp.swift; sourceTree = "<group>"; };
		0B8021D32A7ABAC2006F0CEF /* ContentView.swift */ = {isa = PBXFileReference; lastKnownFileType = sourcecode.swift; path = ContentView.swift; sourceTree = "<group>"; };
		0B8021D52A7ABAC8006F0CEF /* Assets.xcassets */ = {isa = PBXFileReference; lastKnownFileType = folder.assetcatalog; path = Assets.xcassets; sourceTree = "<group>"; };
		0B8021D82A7ABAC8006F0CEF /* Preview Assets.xcassets */ = {isa = PBXFileReference; lastKnownFileType = folder.assetcatalog; path = "Preview Assets.xcassets"; sourceTree = "<group>"; };
		0B8021DF2A7ABB61006F0CEF /* landing-bg.png */ = {isa = PBXFileReference; lastKnownFileType = image.png; path = "landing-bg.png"; sourceTree = "<group>"; };
		0B8021E12A7ABB9F006F0CEF /* HomeView.swift */ = {isa = PBXFileReference; lastKnownFileType = sourcecode.swift; path = HomeView.swift; sourceTree = "<group>"; };
/* End PBXFileReference section */

/* Begin PBXFrameworksBuildPhase section */
		0B8021CB2A7ABAC2006F0CEF /* Frameworks */ = {
			isa = PBXFrameworksBuildPhase;
			buildActionMask = 2147483647;
			files = (
			);
			runOnlyForDeploymentPostprocessing = 0;
		};
/* End PBXFrameworksBuildPhase section */

/* Begin PBXGroup section */
		0B8021C52A7ABAC2006F0CEF = {
			isa = PBXGroup;
			children = (
				0B8021D02A7ABAC2006F0CEF /* BharatVihar */,
				0B8021CF2A7ABAC2006F0CEF /* Products */,
			);
			sourceTree = "<group>";
		};
		0B8021CF2A7ABAC2006F0CEF /* Products */ = {
			isa = PBXGroup;
			children = (
				0B8021CE2A7ABAC2006F0CEF /* BharatVihar.app */,
			);
			name = Products;
			sourceTree = "<group>";
		};
		0B8021D02A7ABAC2006F0CEF /* BharatVihar */ = {
			isa = PBXGroup;
			children = (
				0B8021E32A7ABBA8006F0CEF /* Home */,
				0B8021D12A7ABAC2006F0CEF /* BharatViharApp.swift */,
				0B8021D32A7ABAC2006F0CEF /* ContentView.swift */,
				0B8021DF2A7ABB61006F0CEF /* landing-bg.png */,
				0B8021D52A7ABAC8006F0CEF /* Assets.xcassets */,
				0B8021D72A7ABAC8006F0CEF /* Preview Content */,
			);
			path = BharatVihar;
			sourceTree = "<group>";
		};
		0B8021D72A7ABAC8006F0CEF /* Preview Content */ = {
			isa = PBXGroup;
			children = (
				0B8021D82A7ABAC8006F0CEF /* Preview Assets.xcassets */,
			);
			path = "Preview Content";
			sourceTree = "<group>";
		};
		0B8021E32A7ABBA8006F0CEF /* Home */ = {
			isa = PBXGroup;
			children = (
				0B8021E12A7ABB9F006F0CEF /* HomeView.swift */,
			);
			path = Home;
			sourceTree = "<group>";
		};
/* End PBXGroup section */

/* Begin PBXNativeTarget section */
		0B8021CD2A7ABAC2006F0CEF /* BharatVihar */ = {
			isa = PBXNativeTarget;
			buildConfigurationList = 0B8021DC2A7ABAC8006F0CEF /* Build configuration list for PBXNativeTarget "BharatVihar" */;
			buildPhases = (
				0B8021CA2A7ABAC2006F0CEF /* Sources */,
				0B8021CB2A7ABAC2006F0CEF /* Frameworks */,
				0B8021CC2A7ABAC2006F0CEF /* Resources */,
			);
			buildRules = (
			);
			dependencies = (
			);
			name = BharatVihar;
			productName = BharatVihar;
			productReference = 0B8021CE2A7ABAC2006F0CEF /* BharatVihar.app */;
			productType = "com.apple.product-type.application";
		};
/* End PBXNativeTarget section */

/* Begin PBXProject section */
		0B8021C62A7ABAC2006F0CEF /* Project object */ = {
			isa = PBXProject;
			attributes = {
				BuildIndependentTargetsInParallel = 1;
				LastSwiftUpdateCheck = 1420;
				LastUpgradeCheck = 1420;
				TargetAttributes = {
					0B8021CD2A7ABAC2006F0CEF = {
						CreatedOnToolsVersion = 14.2;
					};
				};
			};
			buildConfigurationList = 0B8021C92A7ABAC2006F0CEF /* Build configuration list for PBXProject "BharatVihar" */;
			compatibilityVersion = "Xcode 14.0";
			developmentRegion = en;
			hasScannedForEncodings = 0;
			knownRegions = (
				en,
				Base,
			);
			mainGroup = 0B8021C52A7ABAC2006F0CEF;
			productRefGroup = 0B8021CF2A7ABAC2006F0CEF /* Products */;
			projectDirPath = "";
			projectRoot = "";
			targets = (
				0B8021CD2A7ABAC2006F0CEF /* BharatVihar */,
			);
		};
/* End PBXProject section */

/* Begin PBXResourcesBuildPhase section */
		0B8021CC2A7ABAC2006F0CEF /* Resources */ = {
			isa = PBXResourcesBuildPhase;
			buildActionMask = 2147483647;
			files = (
				0B8021D92A7ABAC8006F0CEF /* Preview Assets.xcassets in Resources */,
				0B8021E02A7ABB61006F0CEF /* landing-bg.png in Resources */,
				0B8021D62A7ABAC8006F0CEF /* Assets.xcassets in Resources */,
			);
			runOnlyForDeploymentPostprocessing = 0;
		};
/* End PBXResourcesBuildPhase section */

/* Begin PBXSourcesBuildPhase section */
		0B8021CA2A7ABAC2006F0CEF /* Sources */ = {
			isa = PBXSourcesBuildPhase;
			buildActionMask = 2147483647;
			files = (
				0B8021E22A7ABB9F006F0CEF /* HomeView.swift in Sources */,
				0B8021D42A7ABAC2006F0CEF /* ContentView.swift in Sources */,
				0B8021D22A7ABAC2006F0CEF /* BharatViharApp.swift in Sources */,
			);
			runOnlyForDeploymentPostprocessing = 0;
		};
/* End PBXSourcesBuildPhase section */

/* Begin XCBuildConfiguration section */
		0B8021DA2A7ABAC8006F0CEF /* Debug */ = {
			isa = XCBuildConfiguration;
			buildSettings = {
				ALWAYS_SEARCH_USER_PATHS = NO;
				CLANG_ANALYZER_NONNULL = YES;
				CLANG_ANALYZER_NUMBER_OBJECT_CONVERSION = YES_AGGRESSIVE;
				CLANG_CXX_LANGUAGE_STANDARD = "gnu++20";
				CLANG_ENABLE_MODULES = YES;
				CLANG_ENABLE_OBJC_ARC = YES;
				CLANG_ENABLE_OBJC_WEAK = YES;
				CLANG_WARN_BLOCK_CAPTURE_AUTORELEASING = YES;
				CLANG_WARN_BOOL_CONVERSION = YES;
				CLANG_WARN_COMMA = YES;
				CLANG_WARN_CONSTANT_CONVERSION = YES;
				CLANG_WARN_DEPRECATED_OBJC_IMPLEMENTATIONS = YES;
				CLANG_WARN_DIRECT_OBJC_ISA_USAGE = YES_ERROR;
				CLANG_WARN_DOCUMENTATION_COMMENTS = YES;
				CLANG_WARN_EMPTY_BODY = YES;
				CLANG_WARN_ENUM_CONVERSION = YES;
				CLANG_WARN_INFINITE_RECURSION = YES;
				CLANG_WARN_INT_CONVERSION = YES;
				CLANG_WARN_NON_LITERAL_NULL_CONVERSION = YES;
				CLANG_WARN_OBJC_IMPLICIT_RETAIN_SELF = YES;
				CLANG_WARN_OBJC_LITERAL_CONVERSION = YES;
				CLANG_WARN_OBJC_ROOT_CLASS = YES_ERROR;
				CLANG_WARN_QUOTED_INCLUDE_IN_FRAMEWORK_HEADER = YES;
				CLANG_WARN_RANGE_LOOP_ANALYSIS = YES;
				CLANG_WARN_STRICT_PROTOTYPES = YES;
				CLANG_WARN_SUSPICIOUS_MOVE = YES;
				CLANG_WARN_UNGUARDED_AVAILABILITY = YES_AGGRESSIVE;
				CLANG_WARN_UNREACHABLE_CODE = YES;
				CLANG_WARN__DUPLICATE_METHOD_MATCH = YES;
				COPY_PHASE_STRIP = NO;
				DEBUG_INFORMATION_FORMAT = dwarf;
				ENABLE_STRICT_OBJC_MSGSEND = YES;
				ENABLE_TESTABILITY = YES;
				GCC_C_LANGUAGE_STANDARD = gnu11;
				GCC_DYNAMIC_NO_PIC = NO;
				GCC_NO_COMMON_BLOCKS = YES;
				GCC_OPTIMIZATION_LEVEL = 0;
				GCC_PREPROCESSOR_DEFINITIONS = (
					"DEBUG=1",
					"$(inherited)",
				);
				GCC_WARN_64_TO_32_BIT_CONVERSION = YES;
				GCC_WARN_ABOUT_RETURN_TYPE = YES_ERROR;
				GCC_WARN_UNDECLARED_SELECTOR = YES;
				GCC_WARN_UNINITIALIZED_AUTOS = YES_AGGRESSIVE;
				GCC_WARN_UNUSED_FUNCTION = YES;
				GCC_WARN_UNUSED_VARIABLE = YES;
				IPHONEOS_DEPLOYMENT_TARGET = 16.2;
				MTL_ENABLE_DEBUG_INFO = INCLUDE_SOURCE;
				MTL_FAST_MATH = YES;
				ONLY_ACTIVE_ARCH = YES;
				SDKROOT = iphoneos;
				SWIFT_ACTIVE_COMPILATION_CONDITIONS = DEBUG;
				SWIFT_OPTIMIZATION_LEVEL = "-Onone";
			};
			name = Debug;
		};
		0B8021DB2A7ABAC8006F0CEF /* Release */ = {
			isa = XCBuildConfiguration;
			buildSettings = {
				ALWAYS_SEARCH_USER_PATHS = NO;
				CLANG_ANALYZER_NONNULL = YES;
				CLANG_ANALYZER_NUMBER_OBJECT_CONVERSION = YES_AGGRESSIVE;
				CLANG_CXX_LANGUAGE_STANDARD = "gnu++20";
				CLANG_ENABLE_MODULES = YES;
				CLANG_ENABLE_OBJC_ARC = YES;
				CLANG_ENABLE_OBJC_WEAK = YES;
				CLANG_WARN_BLOCK_CAPTURE_AUTORELEASING = YES;
				CLANG_WARN_BOOL_CONVERSION = YES;
				CLANG_WARN_COMMA = YES;
				CLANG_WARN_CONSTANT_CONVERSION = YES;
				CLANG_WARN_DEPRECATED_OBJC_IMPLEMENTATIONS = YES;
				CLANG_WARN_DIRECT_OBJC_ISA_USAGE = YES_ERROR;
				CLANG_WARN_DOCUMENTATION_COMMENTS = YES;
				CLANG_WARN_EMPTY_BODY = YES;
				CLANG_WARN_ENUM_CONVERSION = YES;
				CLANG_WARN_INFINITE_RECURSION = YES;
				CLANG_WARN_INT_CONVERSION = YES;
				CLANG_WARN_NON_LITERAL_NULL_CONVERSION = YES;
				CLANG_WARN_OBJC_IMPLICIT_RETAIN_SELF = YES;
				CLANG_WARN_OBJC_LITERAL_CONVERSION = YES;
				CLANG_WARN_OBJC_ROOT_CLASS = YES_ERROR;
				CLANG_WARN_QUOTED_INCLUDE_IN_FRAMEWORK_HEADER = YES;
				CLANG_WARN_RANGE_LOOP_ANALYSIS = YES;
				CLANG_WARN_STRICT_PROTOTYPES = YES;
				CLANG_WARN_SUSPICIOUS_MOVE = YES;
				CLANG_WARN_UNGUARDED_AVAILABILITY = YES_AGGRESSIVE;
				CLANG_WARN_UNREACHABLE_CODE = YES;
				CLANG_WARN__DUPLICATE_METHOD_MATCH = YES;
				COPY_PHASE_STRIP = NO;
				DEBUG_INFORMATION_FORMAT = "dwarf-with-dsym";
				ENABLE_NS_ASSERTIONS = NO;
				ENABLE_STRICT_OBJC_MSGSEND = YES;
				GCC_C_LANGUAGE_STANDARD = gnu11;
				GCC_NO_COMMON_BLOCKS = YES;
				GCC_WARN_64_TO_32_BIT_CONVERSION = YES;
				GCC_WARN_ABOUT_RETURN_TYPE = YES_ERROR;
				GCC_WARN_UNDECLARED_SELECTOR = YES;
				GCC_WARN_UNINITIALIZED_AUTOS = YES_AGGRESSIVE;
				GCC_WARN_UNUSED_FUNCTION = YES;
				GCC_WARN_UNUSED_VARIABLE = YES;
				IPHONEOS_DEPLOYMENT_TARGET = 16.2;
				MTL_ENABLE_DEBUG_INFO = NO;
				MTL_FAST_MATH = YES;
				SDKROOT = iphoneos;
				SWIFT_COMPILATION_MODE = wholemodule;
				SWIFT_OPTIMIZATION_LEVEL = "-O";
				VALIDATE_PRODUCT = YES;
			};
			name = Release;
		};
		0B8021DD2A7ABAC8006F0CEF /* Debug */ = {
			isa = XCBuildConfiguration;
			buildSettings = {
				ASSETCATALOG_COMPILER_APPICON_NAME = AppIcon;
				ASSETCATALOG_COMPILER_GLOBAL_ACCENT_COLOR_NAME = AccentColor;
				CODE_SIGN_STYLE = Automatic;
				CURRENT_PROJECT_VERSION = 1;
				DEVELOPMENT_ASSET_PATHS = "\"BharatVihar/Preview Content\"";
				DEVELOPMENT_TEAM = D2KUN44K2A;
				ENABLE_PREVIEWS = YES;
				GENERATE_INFOPLIST_FILE = YES;
				INFOPLIST_KEY_UIApplicationSceneManifest_Generation = YES;
				INFOPLIST_KEY_UIApplicationSupportsIndirectInputEvents = YES;
				INFOPLIST_KEY_UILaunchScreen_Generation = YES;
				INFOPLIST_KEY_UISupportedInterfaceOrientations_iPad = "UIInterfaceOrientationPortrait UIInterfaceOrientationPortraitUpsideDown UIInterfaceOrientationLandscapeLeft UIInterfaceOrientationLandscapeRight";
				INFOPLIST_KEY_UISupportedInterfaceOrientations_iPhone = "UIInterfaceOrientationPortrait UIInterfaceOrientationLandscapeLeft UIInterfaceOrientationLandscapeRight";
				LD_RUNPATH_SEARCH_PATHS = (
					"$(inherited)",
					"@executable_path/Frameworks",
				);
				MARKETING_VERSION = 1.0;
				PRODUCT_BUNDLE_IDENTIFIER = com.ppam.con.BharatVihar;
				PRODUCT_NAME = "$(TARGET_NAME)";
				SWIFT_EMIT_LOC_STRINGS = YES;
				SWIFT_VERSION = 5.0;
				TARGETED_DEVICE_FAMILY = "1,2";
			};
			name = Debug;
		};
		0B8021DE2A7ABAC8006F0CEF /* Release */ = {
			isa = XCBuildConfiguration;
			buildSettings = {
				ASSETCATALOG_COMPILER_APPICON_NAME = AppIcon;
				ASSETCATALOG_COMPILER_GLOBAL_ACCENT_COLOR_NAME = AccentColor;
				CODE_SIGN_STYLE = Automatic;
				CURRENT_PROJECT_VERSION = 1;
				DEVELOPMENT_ASSET_PATHS = "\"BharatVihar/Preview Content\"";
				DEVELOPMENT_TEAM = D2KUN44K2A;
				ENABLE_PREVIEWS = YES;
				GENERATE_INFOPLIST_FILE = YES;
				INFOPLIST_KEY_UIApplicationSceneManifest_Generation = YES;
				INFOPLIST_KEY_UIApplicationSupportsIndirectInputEvents = YES;
				INFOPLIST_KEY_UILaunchScreen_Generation = YES;
				INFOPLIST_KEY_UISupportedInterfaceOrientations_iPad = "UIInterfaceOrientationPortrait UIInterfaceOrientationPortraitUpsideDown UIInterfaceOrientationLandscapeLeft UIInterfaceOrientationLandscapeRight";
				INFOPLIST_KEY_UISupportedInterfaceOrientations_iPhone = "UIInterfaceOrientationPortrait UIInterfaceOrientationLandscapeLeft UIInterfaceOrientationLandscapeRight";
				LD_RUNPATH_SEARCH_PATHS = (
					"$(inherited)",
					"@executable_path/Frameworks",
				);
				MARKETING_VERSION = 1.0;
				PRODUCT_BUNDLE_IDENTIFIER = com.ppam.con.BharatVihar;
				PRODUCT_NAME = "$(TARGET_NAME)";
				SWIFT_EMIT_LOC_STRINGS = YES;
				SWIFT_VERSION = 5.0;
				TARGETED_DEVICE_FAMILY = "1,2";
			};
			name = Release;
		};
/* End XCBuildConfiguration section */

/* Begin XCConfigurationList section */
		0B8021C92A7ABAC2006F0CEF /* Build configuration list for PBXProject "BharatVihar" */ = {
			isa = XCConfigurationList;
			buildConfigurations = (
				0B8021DA2A7ABAC8006F0CEF /* Debug */,
				0B8021DB2A7ABAC8006F0CEF /* Release */,
			);
			defaultConfigurationIsVisible = 0;
			defaultConfigurationName = Release;
		};
		0B8021DC2A7ABAC8006F0CEF /* Build configuration list for PBXNativeTarget "BharatVihar" */ = {
			isa = XCConfigurationList;
			buildConfigurations = (
				0B8021DD2A7ABAC8006F0CEF /* Debug */,
				0B8021DE2A7ABAC8006F0CEF /* Release */,
			);
			defaultConfigurationIsVisible = 0;
			defaultConfigurationName = Release;
		};
/* End XCConfigurationList section */
	};
	rootObject = 0B8021C62A7ABAC2006F0CEF /* Project object */;
}
